# THIS IS AN AUTOGENERATED FILE. DO NOT EDIT THIS FILE DIRECTLY.
# yarn lockfile v1


"@types/node@*":
  version "12.11.7"
  resolved "https://registry.yarnpkg.com/@types/node/-/node-12.11.7.tgz#57682a9771a3f7b09c2497f28129a0462966524a"
  integrity sha512-JNbGaHFCLwgHn/iCckiGSOZ1XYHsKFwREtzPwSGCVld1SGhOlmZw2D4ZI94HQCrBHbADzW9m4LER/8olJTRGHA==

"@types/redis@^2.8.14":
  version "2.8.14"
  resolved "https://registry.yarnpkg.com/@types/redis/-/redis-2.8.14.tgz#2ed46d0f923f7ccd63fbe73a46a1241e606cf716"
  integrity sha512-255dzsOLJdXFHBio9/aMHGozNkoiBUgc+g2nlNjbTSp5qcAlmpm4Z6Xs3pKOBLNIKdZbA2BkUxWvYSIwKra0Yw==
  dependencies:
    "@types/node" "*"
